{
  "version": "5",
  "remote": {
    "https://esm.sh/@supabase/supabase-js@2.49.1": "947c71e163ca8bb5b538eccb5ee86fbc8da6bcb916a861586db5fad1af4701bb"
  },
  "workspace": {
    "packageJson": {
      "dependencies": [
        "npm:@eslint/js@^9.39.1",
        "npm:@hookform/resolvers@^5.2.2",
        "npm:@playwright/test@^1.58.2",
        "npm:@radix-ui/react-accordion@^1.2.12",
        "npm:@radix-ui/react-alert-dialog@^1.1.15",
        "npm:@radix-ui/react-aspect-ratio@^1.1.8",
        "npm:@radix-ui/react-avatar@^1.1.11",
        "npm:@radix-ui/react-checkbox@^1.3.3",
        "npm:@radix-ui/react-collapsible@^1.1.12",
        "npm:@radix-ui/react-context-menu@^2.2.16",
        "npm:@radix-ui/react-dialog@^1.1.15",
        "npm:@radix-ui/react-dropdown-menu@^2.1.16",
        "npm:@radix-ui/react-hover-card@^1.1.15",
        "npm:@radix-ui/react-label@^2.1.8",
        "npm:@radix-ui/react-menubar@^1.1.16",
        "npm:@radix-ui/react-navigation-menu@^1.2.14",
        "npm:@radix-ui/react-popover@^1.1.15",
        "npm:@radix-ui/react-progress@^1.1.8",
        "npm:@radix-ui/react-radio-group@^1.3.8",
        "npm:@radix-ui/react-scroll-area@^1.2.10",
        "npm:@radix-ui/react-select@^2.2.6",
        "npm:@radix-ui/react-separator@^1.1.8",
        "npm:@radix-ui/react-slider@^1.3.6",
        "npm:@radix-ui/react-slot@^1.2.4",
        "npm:@radix-ui/react-switch@^1.2.6",
        "npm:@radix-ui/react-tabs@^1.1.13",
        "npm:@radix-ui/react-toast@^1.2.15",
        "npm:@radix-ui/react-toggle-group@^1.1.11",
        "npm:@radix-ui/react-toggle@^1.1.10",
        "npm:@radix-ui/react-tooltip@^1.2.8",
        "npm:@supabase/supabase-js@^2.100.0",
        "npm:@tailwindcss/typography@~0.5.19",
        "npm:@tanstack/react-query@^5.95.2",
        "npm:@testing-library/jest-dom@^6.9.1",
        "npm:@testing-library/react@^16.3.2",
        "npm:@types/node@^25.5.0",
        "npm:@types/react-dom@^19.2.3",
        "npm:@types/react@^19.2.14",
        "npm:@vitejs/plugin-react-swc@^4.3.0",
        "npm:autoprefixer@^10.4.27",
        "npm:class-variance-authority@~0.7.1",
        "npm:clsx@^2.1.1",
        "npm:cmdk@^1.1.1",
        "npm:date-fns@^4.1.0",
        "npm:embla-carousel-react@^8.6.0",
        "npm:eslint-plugin-react-hooks@^7.0.1",
        "npm:eslint-plugin-react-refresh@~0.5.2",
        "npm:eslint@^9.39.1",
        "npm:globals@^17.4.0",
        "npm:input-otp@^1.4.2",
        "npm:jsdom@^29.0.1",
        "npm:lucide-react@^1.0.1",
        "npm:next-themes@~0.4.6",
        "npm:postcss@^8.5.8",
        "npm:react-day-picker@^9.14.0",
        "npm:react-dom@^19.2.4",
        "npm:react-hook-form@^7.72.0",
        "npm:react-resizable-panels@^4.7.5",
        "npm:react-router-dom@^7.13.2",
        "npm:react@^19.2.4",
        "npm:recharts@^3.8.0",
        "npm:sonner@^2.0.7",
        "npm:tailwind-merge@^3.5.0",
        "npm:tailwindcss-animate@^1.0.7",
        "npm:tailwindcss@^3.4.18",
        "npm:typescript-eslint@^8.57.2",
        "npm:typescript@^5.9.3",
        "npm:vaul@^1.1.2",
        "npm:vite@^8.0.2",
        "npm:vitest@^4.1.1",
        "npm:zod@^4.3.6"
      ]
    }
  }
}
